<?xml version="1.0" encoding="utf-8"?>
<Project ToolsVersion="4.0" xmlns="http://schemas.microsoft.com/developer/msbuild/2003">
  <ItemGroup>
    <Filter Include="Source Files">
      <UniqueIdentifier>{9e9bfaea-1da1-48d3-853f-94ade2271075}</UniqueIdentifier>
      <Extensions>cpp;c;cxx;rc;def;r;odl;idl;hpj;bat</Extensions>
    </Filter>
    <Filter Include="Header Files">
      <UniqueIdentifier>{fca5dc83-db4b-44ad-9d22-7ebd018efa84}</UniqueIdentifier>
      <Extensions>h;hpp;hxx;hm;inl</Extensions>
    </Filter>
    <Filter Include="Resource Files">
      <UniqueIdentifier>{46d2c2bf-3b76-47bd-9a15-d9bdefb7d48e}</UniqueIdentifier>
      <Extensions>ico;cur;bmp;dlg;rc2;rct;bin;cnt;rtf;gif;jpg;jpeg;jpe</Extensions>
    </Filter>
    <Filter Include="Help Files">
      <UniqueIdentifier>{0977ad39-9a5e-433f-a23a-8c5e3e777648}</UniqueIdentifier>
    </Filter>
  </ItemGroup>
  <ItemGroup>
    <ClCompile Include="ControlDlg.cpp">
      <Filter>Source Files</Filter>
    </ClCompile>
    <ClCompile Include="CorTekAsyncSocket.cpp">
      <Filter>Source Files</Filter>
    </ClCompile>
    <ClCompile Include="CorTekTBCtrl.cpp">
      <Filter>Source Files</Filter>
    </ClCompile>
    <ClCompile Include="cputicker.cpp">
      <Filter>Source Files</Filter>
    </ClCompile>
    <ClCompile Include="DCXBinTable.cpp">
      <Filter>Source Files</Filter>
    </ClCompile>
    <ClCompile Include="DCXDevice.cpp">
      <Filter>Source Files</Filter>
    </ClCompile>
    <ClCompile Include="DCXDeviceMap.cpp">
      <Filter>Source Files</Filter>
    </ClCompile>
    <ClCompile Include="DCXLoadReg0Dialog.cpp">
      <Filter>Source Files</Filter>
    </ClCompile>
    <ClCompile Include="DCXRegistryEdit.cpp">
      <Filter>Source Files</Filter>
    </ClCompile>
    <ClCompile Include="GDCXNetwork.cpp">
      <Filter>Source Files</Filter>
    </ClCompile>
    <ClCompile Include="GServer.cpp">
      <Filter>Source Files</Filter>
    </ClCompile>
    <ClCompile Include="GServerDoc.cpp">
      <Filter>Source Files</Filter>
    </ClCompile>
    <ClCompile Include="GServerView.cpp">
      <Filter>Source Files</Filter>
    </ClCompile>
    <ClCompile Include="MainFrm.cpp">
      <Filter>Source Files</Filter>
    </ClCompile>
    <ClCompile Include="Module.cpp">
      <Filter>Source Files</Filter>
    </ClCompile>
    <ClCompile Include="StdAfx.cpp">
      <Filter>Source Files</Filter>
    </ClCompile>
    <ClCompile Include="VUMeterArray.cpp">
      <Filter>Source Files</Filter>
    </ClCompile>
    <ClCompile Include="vuthread2.cpp">
      <Filter>Source Files</Filter>
    </ClCompile>
  </ItemGroup>
  <ItemGroup>
    <ResourceCompile Include="GServer.rc">
      <Filter>Source Files</Filter>
    </ResourceCompile>
  </ItemGroup>
  <ItemGroup>
    <ClInclude Include="ControlDlg.h">
      <Filter>Header Files</Filter>
    </ClInclude>
    <ClInclude Include="CorTekAsyncSocket.h">
      <Filter>Header Files</Filter>
    </ClInclude>
    <ClInclude Include="CorTekTBCtrl.h">
      <Filter>Header Files</Filter>
    </ClInclude>
    <ClInclude Include="cputicker.h">
      <Filter>Header Files</Filter>
    </ClInclude>
    <ClInclude Include="DCXBinTable.h">
      <Filter>Header Files</Filter>
    </ClInclude>
    <ClInclude Include="DCXDevice.h">
      <Filter>Header Files</Filter>
    </ClInclude>
    <ClInclude Include="DCXDeviceMap.h">
      <Filter>Header Files</Filter>
    </ClInclude>
    <ClInclude Include="DCXLoadReg0Dialog.h">
      <Filter>Header Files</Filter>
    </ClInclude>
    <ClInclude Include="DCXparser.h">
      <Filter>Header Files</Filter>
    </ClInclude>
    <ClInclude Include="DCXRegistryEdit.h">
      <Filter>Header Files</Filter>
    </ClInclude>
    <ClInclude Include="GDCXNetwork.h">
      <Filter>Header Files</Filter>
    </ClInclude>
    <ClInclude Include="GServer.h">
      <Filter>Header Files</Filter>
    </ClInclude>
    <ClInclude Include="GServerDoc.h">
      <Filter>Header Files</Filter>
    </ClInclude>
    <ClInclude Include="GServerView.h">
      <Filter>Header Files</Filter>
    </ClInclude>
    <ClInclude Include="MainFrm.h">
      <Filter>Header Files</Filter>
    </ClInclude>
    <ClInclude Include="Module.h">
      <Filter>Header Files</Filter>
    </ClInclude>
    <ClInclude Include="Resource.h">
      <Filter>Header Files</Filter>
    </ClInclude>
    <ClInclude Include="StdAfx.h">
      <Filter>Header Files</Filter>
    </ClInclude>
    <ClInclude Include="VUMeterArray.h">
      <Filter>Header Files</Filter>
    </ClInclude>
    <ClInclude Include="VUthread2.h">
      <Filter>Header Files</Filter>
    </ClInclude>
  </ItemGroup>
  <ItemGroup>
    <Image Include="res\auxSelection.bmp">
      <Filter>Resource Files</Filter>
    </Image>
    <Image Include="res\bitmap1.bmp">
      <Filter>Resource Files</Filter>
    </Image>
    <Image Include="res\bmp00001.bmp">
      <Filter>Resource Files</Filter>
    </Image>
    <Image Include="res\bvu_input.bmp">
      <Filter>Resource Files</Filter>
    </Image>
    <Image Include="res\circuit.bmp">
      <Filter>Resource Files</Filter>
    </Image>
    <Image Include="res\ComputerModule.bmp">
      <Filter>Resource Files</Filter>
    </Image>
    <Image Include="res\CorTek260x89%4072ppi-rgb-indexedcolor.BMP">
      <Filter>Resource Files</Filter>
    </Image>
    <Image Include="res\CorTekLogo.bmp">
      <Filter>Resource Files</Filter>
    </Image>
    <Image Include="res\cue.bmp">
      <Filter>Resource Files</Filter>
    </Image>
    <Image Include="res\GServer.ico">
      <Filter>Resource Files</Filter>
    </Image>
    <Image Include="res\GServerDoc.ico">
      <Filter>Resource Files</Filter>
    </Image>
    <Image Include="res\inputSelection.bmp">
      <Filter>Resource Files</Filter>
    </Image>
    <Image Include="res\masterSelection.bmp">
      <Filter>Resource Files</Filter>
    </Image>
    <Image Include="res\matrix.bmp">
      <Filter>Resource Files</Filter>
    </Image>
    <Image Include="res\module_a.bmp">
      <Filter>Resource Files</Filter>
    </Image>
    <Image Include="res\module_b.bmp">
      <Filter>Resource Files</Filter>
    </Image>
    <Image Include="res\module_basemap.bmp">
      <Filter>Resource Files</Filter>
    </Image>
    <Image Include="res\module_c.bmp">
      <Filter>Resource Files</Filter>
    </Image>
    <Image Include="res\module_disabled.bmp">
      <Filter>Resource Files</Filter>
    </Image>
    <Image Include="res\module_i.bmp">
      <Filter>Resource Files</Filter>
    </Image>
    <Image Include="res\module_m.bmp">
      <Filter>Resource Files</Filter>
    </Image>
    <Image Include="res\noSelection.bmp">
      <Filter>Resource Files</Filter>
    </Image>
    <Image Include="res\ppwr_in.bmp">
      <Filter>Resource Files</Filter>
    </Image>
    <Image Include="res\softblu2.bmp">
      <Filter>Resource Files</Filter>
    </Image>
    <Image Include="res\Toolbar.bmp">
      <Filter>Resource Files</Filter>
    </Image>
    <Image Include="res\toolbar1.bmp">
      <Filter>Resource Files</Filter>
    </Image>
    <Image Include="res\verde.bmp">
      <Filter>Resource Files</Filter>
    </Image>
    <Image Include="res\watermark.bmp">
      <Filter>Resource Files</Filter>
    </Image>
  </ItemGroup>
  <ItemGroup>
    <None Include="res\GServer.rc2">
      <Filter>Resource Files</Filter>
    </None>
    <None Include="GServer.reg" />
  </ItemGroup>
  <ItemGroup>
    <Text Include="deleteMe.txt" />
    <Text Include="ReadMe.txt" />
  </ItemGroup>
  <ItemGroup>
    <CustomBuild Include="hlp\AfxCore.rtf">
      <Filter>Help Files</Filter>
    </CustomBuild>
    <CustomBuild Include="hlp\AfxPrint.rtf">
      <Filter>Help Files</Filter>
    </CustomBuild>
    <CustomBuild Include="hlp\AppExit.bmp">
      <Filter>Help Files</Filter>
    </CustomBuild>
    <CustomBuild Include="hlp\Bullet.bmp">
      <Filter>Help Files</Filter>
    </CustomBuild>
    <CustomBuild Include="hlp\CurArw2.bmp">
      <Filter>Help Files</Filter>
    </CustomBuild>
    <CustomBuild Include="hlp\CurArw4.bmp">
      <Filter>Help Files</Filter>
    </CustomBuild>
    <CustomBuild Include="hlp\CurHelp.bmp">
      <Filter>Help Files</Filter>
    </CustomBuild>
    <CustomBuild Include="hlp\EditCopy.bmp">
      <Filter>Help Files</Filter>
    </CustomBuild>
    <CustomBuild Include="hlp\EditCut.bmp">
      <Filter>Help Files</Filter>
    </CustomBuild>
    <CustomBuild Include="hlp\EditPast.bmp">
      <Filter>Help Files</Filter>
    </CustomBuild>
    <CustomBuild Include="hlp\EditUndo.bmp">
      <Filter>Help Files</Filter>
    </CustomBuild>
    <CustomBuild Include="hlp\FileNew.bmp">
      <Filter>Help Files</Filter>
    </CustomBuild>
    <CustomBuild Include="hlp\FileOpen.bmp">
      <Filter>Help Files</Filter>
    </CustomBuild>
    <CustomBuild Include="hlp\FilePrnt.bmp">
      <Filter>Help Files</Filter>
    </CustomBuild>
    <CustomBuild Include="hlp\FileSave.bmp">
      <Filter>Help Files</Filter>
    </CustomBuild>
    <CustomBuild Include="hlp\GServer.cnt">
      <Filter>Help Files</Filter>
    </CustomBuild>
    <CustomBuild Include="hlp\HlpSBar.bmp">
      <Filter>Help Files</Filter>
    </CustomBuild>
    <CustomBuild Include="hlp\HlpTBar.bmp">
      <Filter>Help Files</Filter>
    </CustomBuild>
    <CustomBuild Include="MakeHelp.bat">
      <Filter>Help Files</Filter>
    </CustomBuild>
    <CustomBuild Include="hlp\RecFirst.bmp">
      <Filter>Help Files</Filter>
    </CustomBuild>
    <CustomBuild Include="hlp\RecLast.bmp">
      <Filter>Help Files</Filter>
    </CustomBuild>
    <CustomBuild Include="hlp\RecNext.bmp">
      <Filter>Help Files</Filter>
    </CustomBuild>
    <CustomBuild Include="hlp\RecPrev.bmp">
      <Filter>Help Files</Filter>
    </CustomBuild>
    <CustomBuild Include="hlp\Scmax.bmp">
      <Filter>Help Files</Filter>
    </CustomBuild>
    <CustomBuild Include="hlp\ScMenu.bmp">
      <Filter>Help Files</Filter>
    </CustomBuild>
    <CustomBuild Include="hlp\Scmin.bmp">
      <Filter>Help Files</Filter>
    </CustomBuild>
  </ItemGroup>
</Project>